// !$*UTF8*$!
{
	archiveVersion = 1;
	classes = {
	};
	objectVersion = 46;
	objects = {

/* Begin PBXBuildFile section */
		D822420E1A54DD8B00AB54BF /* libutility.a in Frameworks */ = {isa = PBXBuildFile; fileRef = D82242091A54DD7C00AB54BF /* libutility.a */; };
		D8FEB7511A58595F00DEFDAB /* test-dir.c in Sources */ = {isa = PBXBuildFile; fileRef = D8FEB7501A58595F00DEFDAB /* test-dir.c */; };
/* End PBXBuildFile section */

/* Begin PBXContainerItemProxy section */
		D82242081A54DD7C00AB54BF /* PBXContainerItemProxy */ = {
			isa = PBXContainerItemProxy;
			containerPortal = D82242031A54DD7B00AB54BF /* libutility.xcodeproj */;
			proxyType = 2;
			remoteGlobalIDString = 08C284C8180DD60300E96BF5;
			remoteInfo = "libutility-static";
		};
		D822420A1A54DD7C00AB54BF /* PBXContainerItemProxy */ = {
			isa = PBXContainerItemProxy;
			containerPortal = D82242031A54DD7B00AB54BF /* libutility.xcodeproj */;
			proxyType = 2;
			remoteGlobalIDString = D8968F6B19C40E5100A9B8B9;
			remoteInfo = "libutility-static-ios";
		};
		D822420C1A54DD8400AB54BF /* PBXContainerItemProxy */ = {
			isa = PBXContainerItemProxy;
			containerPortal = D82242031A54DD7B00AB54BF /* libutility.xcodeproj */;
			proxyType = 1;
			remoteGlobalIDString = 08C284C7180DD60300E96BF5;
			remoteInfo = "libutility-static";
		};
/* End PBXContainerItemProxy section */

/* Begin PBXCopyFilesBuildPhase section */
		D82241DE1A54DBE300AB54BF /* CopyFiles */ = {
			isa = PBXCopyFilesBuildPhase;
			buildActionMask = 2147483647;
			dstPath = /usr/share/man/man1/;
			dstSubfolderSpec = 0;
			files = (
			);
			runOnlyForDeploymentPostprocessing = 1;
		};
/* End PBXCopyFilesBuildPhase section */

/* Begin PBXFileReference section */
		D82241E01A54DBE300AB54BF /* test-dir */ = {isa = PBXFileReference; explicitFileType = "compiled.mach-o.executable"; includeInIndex = 0; path = "test-dir"; sourceTree = BUILT_PRODUCTS_DIR; };
		D82242031A54DD7B00AB54BF /* libutility.xcodeproj */ = {isa = PBXFileReference; lastKnownFileType = "wrapper.pb-project"; path = libutility.xcodeproj; sourceTree = "<group>"; };
		D8FEB7501A58595F00DEFDAB /* test-dir.c */ = {isa = PBXFileReference; fileEncoding = 4; lastKnownFileType = sourcecode.c.c; name = "test-dir.c"; path = "../../../tests/test-dir.c"; sourceTree = "<group>"; };
/* End PBXFileReference section */

/* Begin PBXFrameworksBuildPhase section */
		D82241DD1A54DBE300AB54BF /* Frameworks */ = {
			isa = PBXFrameworksBuildPhase;
			buildActionMask = 2147483647;
			files = (
				D822420E1A54DD8B00AB54BF /* libutility.a in Frameworks */,
			);
			runOnlyForDeploymentPostprocessing = 0;
		};
/* End PBXFrameworksBuildPhase section */

/* Begin PBXGroup section */
		D82241D71A54DBE300AB54BF = {
			isa = PBXGroup;
			children = (
				D82242031A54DD7B00AB54BF /* libutility.xcodeproj */,
				D82241E21A54DBE300AB54BF /* src */,
				D82241E11A54DBE300AB54BF /* Products */,
			);
			sourceTree = "<group>";
		};
		D82241E11A54DBE300AB54BF /* Products */ = {
			isa = PBXGroup;
			children = (
				D82241E01A54DBE300AB54BF /* test-dir */,
			);
			name = Products;
			sourceTree = "<group>";
		};
		D82241E21A54DBE300AB54BF /* src */ = {
			isa = PBXGroup;
			children = (
				D8FEB7501A58595F00DEFDAB /* test-dir.c */,
			);
			name = src;
			path = "test-dir";
			sourceTree = "<group>";
		};
		D82242041A54DD7B00AB54BF /* Products */ = {
			isa = PBXGroup;
			children = (
				D82242091A54DD7C00AB54BF /* libutility.a */,
				D822420B1A54DD7C00AB54BF /* libutility.a */,
			);
			name = Products;
			sourceTree = "<group>";
		};
/* End PBXGroup section */

/* Begin PBXNativeTarget section */
		D82241DF1A54DBE300AB54BF /* test-dir */ = {
			isa = PBXNativeTarget;
			buildConfigurationList = D82241E71A54DBE300AB54BF /* Build configuration list for PBXNativeTarget "test-dir" */;
			buildPhases = (
				D82241DC1A54DBE300AB54BF /* Sources */,
				D82241DD1A54DBE300AB54BF /* Frameworks */,
				D82241DE1A54DBE300AB54BF /* CopyFiles */,
			);
			buildRules = (
			);
			dependencies = (
				D822420D1A54DD8400AB54BF /* PBXTargetDependency */,
			);
			name = "test-dir";
			productName = "test-dir";
			productReference = D82241E01A54DBE300AB54BF /* test-dir */;
			productType = "com.apple.product-type.tool";
		};
/* End PBXNativeTarget section */

/* Begin PBXProject section */
		D82241D81A54DBE300AB54BF /* Project object */ = {
			isa = PBXProject;
			attributes = {
				LastUpgradeCheck = 0610;
				ORGANIZATIONNAME = "Joe Marrero";
				TargetAttributes = {
					D82241DF1A54DBE300AB54BF = {
						CreatedOnToolsVersion = 6.1.1;
					};
				};
			};
			buildConfigurationList = D82241DB1A54DBE300AB54BF /* Build configuration list for PBXProject "test-dir" */;
			compatibilityVersion = "Xcode 3.2";
			developmentRegion = English;
			hasScannedForEncodings = 0;
			knownRegions = (
				en,
			);
			mainGroup = D82241D71A54DBE300AB54BF;
			productRefGroup = D82241E11A54DBE300AB54BF /* Products */;
			projectDirPath = "";
			projectReferences = (
				{
					ProductGroup = D82242041A54DD7B00AB54BF /* Products */;
					ProjectRef = D82242031A54DD7B00AB54BF /* libutility.xcodeproj */;
				},
			);
			projectRoot = "";
			targets = (
				D82241DF1A54DBE300AB54BF /* test-dir */,
			);
		};
/* End PBXProject section */

/* Begin PBXReferenceProxy section */
		D82242091A54DD7C00AB54BF /* libutility.a */ = {
			isa = PBXReferenceProxy;
			fileType = archive.ar;
			path = libutility.a;
			remoteRef = D82242081A54DD7C00AB54BF /* PBXContainerItemProxy */;
			sourceTree = BUILT_PRODUCTS_DIR;
		};
		D822420B1A54DD7C00AB54BF /* libutility.a */ = {
			isa = PBXReferenceProxy;
			fileType = archive.ar;
			path = libutility.a;
			remoteRef = D822420A1A54DD7C00AB54BF /* PBXContainerItemProxy */;
			sourceTree = BUILT_PRODUCTS_DIR;
		};
/* End PBXReferenceProxy section */

/* Begin PBXSourcesBuildPhase section */
		D82241DC1A54DBE300AB54BF /* Sources */ = {
			isa = PBXSourcesBuildPhase;
			buildActionMask = 2147483647;
			files = (
				D8FEB7511A58595F00DEFDAB /* test-dir.c in Sources */,
			);
			runOnlyForDeploymentPostprocessing = 0;
		};
/* End PBXSourcesBuildPhase section */

/* Begin PBXTargetDependency section */
		D822420D1A54DD8400AB54BF /* PBXTargetDependency */ = {
			isa = PBXTargetDependency;
			name = "libutility-static";
			targetProxy = D822420C1A54DD8400AB54BF /* PBXContainerItemProxy */;
		};
/* End PBXTargetDependency section */

/* Begin XCBuildConfiguration section */
		D82241E51A54DBE300AB54BF /* Debug */ = {
			isa = XCBuildConfiguration;
			buildSettings = {
				ALWAYS_SEARCH_USER_PATHS = NO;
				CLANG_CXX_LANGUAGE_STANDARD = "gnu++0x";
				CLANG_CXX_LIBRARY = "libc++";
				CLANG_ENABLE_MODULES = YES;
				CLANG_ENABLE_OBJC_ARC = YES;
				CLANG_WARN_BOOL_CONVERSION = YES;
				CLANG_WARN_CONSTANT_CONVERSION = YES;
				CLANG_WARN_DIRECT_OBJC_ISA_USAGE = YES_ERROR;
				CLANG_WARN_EMPTY_BODY = YES;
				CLANG_WARN_ENUM_CONVERSION = YES;
				CLANG_WARN_INT_CONVERSION = YES;
				CLANG_WARN_OBJC_ROOT_CLASS = YES_ERROR;
				CLANG_WARN_UNREACHABLE_CODE = YES;
				CLANG_WARN__DUPLICATE_METHOD_MATCH = YES;
				COPY_PHASE_STRIP = NO;
				ENABLE_STRICT_OBJC_MSGSEND = YES;
				GCC_C_LANGUAGE_STANDARD = gnu99;
				GCC_DYNAMIC_NO_PIC = NO;
				GCC_OPTIMIZATION_LEVEL = 0;
				GCC_PREPROCESSOR_DEFINITIONS = (
					"DEBUG=1",
					"$(inherited)",
				);
				GCC_SYMBOLS_PRIVATE_EXTERN = NO;
				GCC_WARN_64_TO_32_BIT_CONVERSION = YES;
				GCC_WARN_ABOUT_RETURN_TYPE = YES_ERROR;
				GCC_WARN_UNDECLARED_SELECTOR = YES;
				GCC_WARN_UNINITIALIZED_AUTOS = YES_AGGRESSIVE;
				GCC_WARN_UNUSED_FUNCTION = YES;
				GCC_WARN_UNUSED_VARIABLE = YES;
				HEADER_SEARCH_PATHS = (
					"$(inherited)",
					/Applications/Xcode.app/Contents/Developer/Toolchains/XcodeDefault.xctoolchain/usr/include,
					../../../src,
				);
				MACOSX_DEPLOYMENT_TARGET = 10.10;
				MTL_ENABLE_DEBUG_INFO = YES;
				ONLY_ACTIVE_ARCH = YES;
				SDKROOT = macosx;
			};
			name = Debug;
		};
		D82241E61A54DBE300AB54BF /* Release */ = {
			isa = XCBuildConfiguration;
			buildSettings = {
				ALWAYS_SEARCH_USER_PATHS = NO;
				CLANG_CXX_LANGUAGE_STANDARD = "gnu++0x";
				CLANG_CXX_LIBRARY = "libc++";
				CLANG_ENABLE_MODULES = YES;
				CLANG_ENABLE_OBJC_ARC = YES;
				CLANG_WARN_BOOL_CONVERSION = YES;
				CLANG_WARN_CONSTANT_CONVERSION = YES;
				CLANG_WARN_DIRECT_OBJC_ISA_USAGE = YES_ERROR;
				CLANG_WARN_EMPTY_BODY = YES;
				CLANG_WARN_ENUM_CONVERSION = YES;
				CLANG_WARN_INT_CONVERSION = YES;
				CLANG_WARN_OBJC_ROOT_CLASS = YES_ERROR;
				CLANG_WARN_UNREACHABLE_CODE = YES;
				CLANG_WARN__DUPLICATE_METHOD_MATCH = YES;
				COPY_PHASE_STRIP = YES;
				DEBUG_INFORMATION_FORMAT = "dwarf-with-dsym";
				ENABLE_NS_ASSERTIONS = NO;
				ENABLE_STRICT_OBJC_MSGSEND = YES;
				GCC_C_LANGUAGE_STANDARD = gnu99;
				GCC_WARN_64_TO_32_BIT_CONVERSION = YES;
				GCC_WARN_ABOUT_RETURN_TYPE = YES_ERROR;
				GCC_WARN_UNDECLARED_SELECTOR = YES;
				GCC_WARN_UNINITIALIZED_AUTOS = YES_AGGRESSIVE;
				GCC_WARN_UNUSED_FUNCTION = YES;
				GCC_WARN_UNUSED_VARIABLE = YES;
				HEADER_SEARCH_PATHS = (
					"$(inherited)",
					/Applications/Xcode.app/Contents/Developer/Toolchains/XcodeDefault.xctoolchain/usr/include,
					../../../src,
				);
				MACOSX_DEPLOYMENT_TARGET = 10.10;
				MTL_ENABLE_DEBUG_INFO = NO;
				SDKROOT = macosx;
			};
			name = Release;
		};
		D82241E81A54DBE300AB54BF /* Debug */ = {
			isa = XCBuildConfiguration;
			buildSettings = {
				LIBRARY_SEARCH_PATHS = (
					"$(inherited)",
					/Users/joe/projects/libutility/projects/xcode/build/Debug,
				);
				PRODUCT_NAME = "$(TARGET_NAME)";
			};
			name = Debug;
		};
		D82241E91A54DBE300AB54BF /* Release */ = {
			isa = XCBuildConfiguration;
			buildSettings = {
				LIBRARY_SEARCH_PATHS = (
					"$(inherited)",
					/Users/joe/projects/libutility/projects/xcode/build/Debug,
				);
				PRODUCT_NAME = "$(TARGET_NAME)";
			};
			name = Release;
		};
/* End XCBuildConfiguration section */

/* Begin XCConfigurationList section */
		D82241DB1A54DBE300AB54BF /* Build configuration list for PBXProject "test-dir" */ = {
			isa = XCConfigurationList;
			buildConfigurations = (
				D82241E51A54DBE300AB54BF /* Debug */,
				D82241E61A54DBE300AB54BF /* Release */,
			);
			defaultConfigurationIsVisible = 0;
			defaultConfigurationName = Release;
		};
		D82241E71A54DBE300AB54BF /* Build configuration list for PBXNativeTarget "test-dir" */ = {
			isa = XCConfigurationList;
			buildConfigurations = (
				D82241E81A54DBE300AB54BF /* Debug */,
				D82241E91A54DBE300AB54BF /* Release */,
			);
			defaultConfigurationIsVisible = 0;
			defaultConfigurationName = Release;
		};
/* End XCConfigurationList section */
	};
	rootObject = D82241D81A54DBE300AB54BF /* Project object */;
}
