// !$*UTF8*$!
{
	archiveVersion = 1;
	classes = {
	};
	objectVersion = 46;
	objects = {

/* Begin PBXBuildFile section */
		08C284E1180DD65700E96BF5 /* bytes.c in Sources */ = {isa = PBXBuildFile; fileRef = 08C284D0180DD65700E96BF5 /* bytes.c */; };
		08C284E2180DD65700E96BF5 /* caesar.c in Sources */ = {isa = PBXBuildFile; fileRef = 08C284D1180DD65700E96BF5 /* caesar.c */; };
		08C284E3180DD65700E96BF5 /* checksums.c in Sources */ = {isa = PBXBuildFile; fileRef = 08C284D2180DD65700E96BF5 /* checksums.c */; };
		08C284E4180DD65700E96BF5 /* console.c in Sources */ = {isa = PBXBuildFile; fileRef = 08C284D3180DD65700E96BF5 /* console.c */; };
		08C284E5180DD65700E96BF5 /* crash.c in Sources */ = {isa = PBXBuildFile; fileRef = 08C284D4180DD65700E96BF5 /* crash.c */; };
		08C284E6180DD65700E96BF5 /* endianess.c in Sources */ = {isa = PBXBuildFile; fileRef = 08C284D5180DD65700E96BF5 /* endianess.c */; };
		08C284E7180DD65700E96BF5 /* exceptions.c in Sources */ = {isa = PBXBuildFile; fileRef = 08C284D6180DD65700E96BF5 /* exceptions.c */; };
		08C284E8180DD65700E96BF5 /* exceptions.h in Headers */ = {isa = PBXBuildFile; fileRef = 08C284D7180DD65700E96BF5 /* exceptions.h */; settings = {ATTRIBUTES = (Public, ); }; };
		08C284E9180DD65700E96BF5 /* fileio.c in Sources */ = {isa = PBXBuildFile; fileRef = 08C284D8180DD65700E96BF5 /* fileio.c */; };
		08C284EA180DD65700E96BF5 /* fsm.c in Sources */ = {isa = PBXBuildFile; fileRef = 08C284D9180DD65700E96BF5 /* fsm.c */; };
		08C284EB180DD65700E96BF5 /* huffman.c in Sources */ = {isa = PBXBuildFile; fileRef = 08C284DA180DD65700E96BF5 /* huffman.c */; };
		08C284EC180DD65700E96BF5 /* libutility-config.h in Headers */ = {isa = PBXBuildFile; fileRef = 08C284DB180DD65700E96BF5 /* libutility-config.h */; settings = {ATTRIBUTES = (Public, ); }; };
		08C284ED180DD65700E96BF5 /* mime.c in Sources */ = {isa = PBXBuildFile; fileRef = 08C284DC180DD65700E96BF5 /* mime.c */; };
		08C284EE180DD65700E96BF5 /* mime.h in Headers */ = {isa = PBXBuildFile; fileRef = 08C284DD180DD65700E96BF5 /* mime.h */; settings = {ATTRIBUTES = (Public, ); }; };
		08C284EF180DD65700E96BF5 /* observers.c in Sources */ = {isa = PBXBuildFile; fileRef = 08C284DE180DD65700E96BF5 /* observers.c */; };
		08C284F0180DD65700E96BF5 /* strings.c in Sources */ = {isa = PBXBuildFile; fileRef = 08C284DF180DD65700E96BF5 /* strings.c */; };
		08C284F1180DD65700E96BF5 /* utility.h in Headers */ = {isa = PBXBuildFile; fileRef = 08C284E0180DD65700E96BF5 /* utility.h */; settings = {ATTRIBUTES = (Public, ); }; };
		D8968F5519C40E5100A9B8B9 /* endianess.c in Sources */ = {isa = PBXBuildFile; fileRef = 08C284D5180DD65700E96BF5 /* endianess.c */; };
		D8968F5619C40E5100A9B8B9 /* strings.c in Sources */ = {isa = PBXBuildFile; fileRef = 08C284DF180DD65700E96BF5 /* strings.c */; };
		D8968F5719C40E5100A9B8B9 /* fileio.c in Sources */ = {isa = PBXBuildFile; fileRef = 08C284D8180DD65700E96BF5 /* fileio.c */; };
		D8968F5819C40E5100A9B8B9 /* checksums.c in Sources */ = {isa = PBXBuildFile; fileRef = 08C284D2180DD65700E96BF5 /* checksums.c */; };
		D8968F5919C40E5100A9B8B9 /* observers.c in Sources */ = {isa = PBXBuildFile; fileRef = 08C284DE180DD65700E96BF5 /* observers.c */; };
		D8968F5A19C40E5100A9B8B9 /* fsm.c in Sources */ = {isa = PBXBuildFile; fileRef = 08C284D9180DD65700E96BF5 /* fsm.c */; };
		D8968F5B19C40E5100A9B8B9 /* mime.c in Sources */ = {isa = PBXBuildFile; fileRef = 08C284DC180DD65700E96BF5 /* mime.c */; };
		D8968F5C19C40E5100A9B8B9 /* exceptions.c in Sources */ = {isa = PBXBuildFile; fileRef = 08C284D6180DD65700E96BF5 /* exceptions.c */; };
		D8968F5D19C40E5100A9B8B9 /* huffman.c in Sources */ = {isa = PBXBuildFile; fileRef = 08C284DA180DD65700E96BF5 /* huffman.c */; };
		D8968F5E19C40E5100A9B8B9 /* console.c in Sources */ = {isa = PBXBuildFile; fileRef = 08C284D3180DD65700E96BF5 /* console.c */; };
		D8968F5F19C40E5100A9B8B9 /* crash.c in Sources */ = {isa = PBXBuildFile; fileRef = 08C284D4180DD65700E96BF5 /* crash.c */; };
		D8968F6019C40E5100A9B8B9 /* caesar.c in Sources */ = {isa = PBXBuildFile; fileRef = 08C284D1180DD65700E96BF5 /* caesar.c */; };
		D8968F6119C40E5100A9B8B9 /* bytes.c in Sources */ = {isa = PBXBuildFile; fileRef = 08C284D0180DD65700E96BF5 /* bytes.c */; };
		D8968F6419C40E5100A9B8B9 /* exceptions.h in Headers */ = {isa = PBXBuildFile; fileRef = 08C284D7180DD65700E96BF5 /* exceptions.h */; settings = {ATTRIBUTES = (Public, ); }; };
		D8968F6519C40E5100A9B8B9 /* libutility-config.h in Headers */ = {isa = PBXBuildFile; fileRef = 08C284DB180DD65700E96BF5 /* libutility-config.h */; settings = {ATTRIBUTES = (Public, ); }; };
		D8968F6619C40E5100A9B8B9 /* mime.h in Headers */ = {isa = PBXBuildFile; fileRef = 08C284DD180DD65700E96BF5 /* mime.h */; settings = {ATTRIBUTES = (Public, ); }; };
		D8968F6719C40E5100A9B8B9 /* utility.h in Headers */ = {isa = PBXBuildFile; fileRef = 08C284E0180DD65700E96BF5 /* utility.h */; settings = {ATTRIBUTES = (Public, ); }; };
		D8C2974C19FFEE3600A35A3C /* libcollections.a in Frameworks */ = {isa = PBXBuildFile; fileRef = 08C284F7180DD67F00E96BF5 /* libcollections.a */; };
		D8C2974D19FFEE3F00A35A3C /* libcollections.a in Frameworks */ = {isa = PBXBuildFile; fileRef = D8968F6E19C40E5100A9B8B9 /* libcollections.a */; };
/* End PBXBuildFile section */

/* Begin PBXContainerItemProxy section */
		08C284F6180DD67F00E96BF5 /* PBXContainerItemProxy */ = {
			isa = PBXContainerItemProxy;
			containerPortal = 08C284F2180DD67F00E96BF5 /* libcollections.xcodeproj */;
			proxyType = 2;
			remoteGlobalIDString = 08F9B722180DC9F300DC30C4;
			remoteInfo = libcollections;
		};
		08C284F8180DD68D00E96BF5 /* PBXContainerItemProxy */ = {
			isa = PBXContainerItemProxy;
			containerPortal = 08C284F2180DD67F00E96BF5 /* libcollections.xcodeproj */;
			proxyType = 1;
			remoteGlobalIDString = 08F9B721180DC9F300DC30C4;
			remoteInfo = libcollections;
		};
		D8968F5319C40E5100A9B8B9 /* PBXContainerItemProxy */ = {
			isa = PBXContainerItemProxy;
			containerPortal = 08C284F2180DD67F00E96BF5 /* libcollections.xcodeproj */;
			proxyType = 1;
			remoteGlobalIDString = 08F9B721180DC9F300DC30C4;
			remoteInfo = libcollections;
		};
		D8968F6D19C40E5100A9B8B9 /* PBXContainerItemProxy */ = {
			isa = PBXContainerItemProxy;
			containerPortal = 08C284F2180DD67F00E96BF5 /* libcollections.xcodeproj */;
			proxyType = 2;
			remoteGlobalIDString = D89CE3531979892600710BD8;
			remoteInfo = "libcollections-static-ios";
		};
/* End PBXContainerItemProxy section */

/* Begin PBXFileReference section */
		08C284C8180DD60300E96BF5 /* libutility.a */ = {isa = PBXFileReference; explicitFileType = archive.ar; includeInIndex = 0; path = libutility.a; sourceTree = BUILT_PRODUCTS_DIR; };
		08C284D0180DD65700E96BF5 /* bytes.c */ = {isa = PBXFileReference; fileEncoding = 4; lastKnownFileType = sourcecode.c.c; name = bytes.c; path = ../../src/bytes.c; sourceTree = "<group>"; };
		08C284D1180DD65700E96BF5 /* caesar.c */ = {isa = PBXFileReference; fileEncoding = 4; lastKnownFileType = sourcecode.c.c; name = caesar.c; path = ../../src/caesar.c; sourceTree = "<group>"; };
		08C284D2180DD65700E96BF5 /* checksums.c */ = {isa = PBXFileReference; fileEncoding = 4; lastKnownFileType = sourcecode.c.c; name = checksums.c; path = ../../src/checksums.c; sourceTree = "<group>"; };
		08C284D3180DD65700E96BF5 /* console.c */ = {isa = PBXFileReference; fileEncoding = 4; lastKnownFileType = sourcecode.c.c; name = console.c; path = ../../src/console.c; sourceTree = "<group>"; };
		08C284D4180DD65700E96BF5 /* crash.c */ = {isa = PBXFileReference; fileEncoding = 4; lastKnownFileType = sourcecode.c.c; name = crash.c; path = ../../src/crash.c; sourceTree = "<group>"; };
		08C284D5180DD65700E96BF5 /* endianess.c */ = {isa = PBXFileReference; fileEncoding = 4; lastKnownFileType = sourcecode.c.c; name = endianess.c; path = ../../src/endianess.c; sourceTree = "<group>"; };
		08C284D6180DD65700E96BF5 /* exceptions.c */ = {isa = PBXFileReference; fileEncoding = 4; lastKnownFileType = sourcecode.c.c; name = exceptions.c; path = ../../src/exceptions.c; sourceTree = "<group>"; };
		08C284D7180DD65700E96BF5 /* exceptions.h */ = {isa = PBXFileReference; fileEncoding = 4; lastKnownFileType = sourcecode.c.h; name = exceptions.h; path = ../../src/exceptions.h; sourceTree = "<group>"; };
		08C284D8180DD65700E96BF5 /* fileio.c */ = {isa = PBXFileReference; fileEncoding = 4; lastKnownFileType = sourcecode.c.c; name = fileio.c; path = ../../src/fileio.c; sourceTree = "<group>"; };
		08C284D9180DD65700E96BF5 /* fsm.c */ = {isa = PBXFileReference; fileEncoding = 4; lastKnownFileType = sourcecode.c.c; name = fsm.c; path = ../../src/fsm.c; sourceTree = "<group>"; };
		08C284DA180DD65700E96BF5 /* huffman.c */ = {isa = PBXFileReference; fileEncoding = 4; lastKnownFileType = sourcecode.c.c; name = huffman.c; path = ../../src/huffman.c; sourceTree = "<group>"; };
		08C284DB180DD65700E96BF5 /* libutility-config.h */ = {isa = PBXFileReference; fileEncoding = 4; lastKnownFileType = sourcecode.c.h; name = "libutility-config.h"; path = "../../src/libutility-config.h"; sourceTree = "<group>"; };
		08C284DC180DD65700E96BF5 /* mime.c */ = {isa = PBXFileReference; fileEncoding = 4; lastKnownFileType = sourcecode.c.c; name = mime.c; path = ../../src/mime.c; sourceTree = "<group>"; };
		08C284DD180DD65700E96BF5 /* mime.h */ = {isa = PBXFileReference; fileEncoding = 4; lastKnownFileType = sourcecode.c.h; name = mime.h; path = ../../src/mime.h; sourceTree = "<group>"; };
		08C284DE180DD65700E96BF5 /* observers.c */ = {isa = PBXFileReference; fileEncoding = 4; lastKnownFileType = sourcecode.c.c; name = observers.c; path = ../../src/observers.c; sourceTree = "<group>"; };
		08C284DF180DD65700E96BF5 /* strings.c */ = {isa = PBXFileReference; fileEncoding = 4; lastKnownFileType = sourcecode.c.c; name = strings.c; path = ../../src/strings.c; sourceTree = "<group>"; };
		08C284E0180DD65700E96BF5 /* utility.h */ = {isa = PBXFileReference; fileEncoding = 4; lastKnownFileType = sourcecode.c.h; name = utility.h; path = ../../src/utility.h; sourceTree = "<group>"; };
		08C284F2180DD67F00E96BF5 /* libcollections.xcodeproj */ = {isa = PBXFileReference; lastKnownFileType = "wrapper.pb-project"; name = libcollections.xcodeproj; path = ../../../libcollections/projects/xcode/libcollections.xcodeproj; sourceTree = "<group>"; };
		D8968F6B19C40E5100A9B8B9 /* libutility.a */ = {isa = PBXFileReference; explicitFileType = archive.ar; includeInIndex = 0; path = libutility.a; sourceTree = BUILT_PRODUCTS_DIR; };
/* End PBXFileReference section */

/* Begin PBXFrameworksBuildPhase section */
		08C284C5180DD60300E96BF5 /* Frameworks */ = {
			isa = PBXFrameworksBuildPhase;
			buildActionMask = 2147483647;
			files = (
				D8C2974C19FFEE3600A35A3C /* libcollections.a in Frameworks */,
			);
			runOnlyForDeploymentPostprocessing = 0;
		};
		D8968F6219C40E5100A9B8B9 /* Frameworks */ = {
			isa = PBXFrameworksBuildPhase;
			buildActionMask = 2147483647;
			files = (
				D8C2974D19FFEE3F00A35A3C /* libcollections.a in Frameworks */,
			);
			runOnlyForDeploymentPostprocessing = 0;
		};
/* End PBXFrameworksBuildPhase section */

/* Begin PBXGroup section */
		08C284BF180DD60200E96BF5 = {
			isa = PBXGroup;
			children = (
				08C284F2180DD67F00E96BF5 /* libcollections.xcodeproj */,
				08C284CF180DD62300E96BF5 /* src */,
				08C284C9180DD60300E96BF5 /* Products */,
			);
			sourceTree = "<group>";
		};
		08C284C9180DD60300E96BF5 /* Products */ = {
			isa = PBXGroup;
			children = (
				08C284C8180DD60300E96BF5 /* libutility.a */,
				D8968F6B19C40E5100A9B8B9 /* libutility.a */,
			);
			name = Products;
			sourceTree = "<group>";
		};
		08C284CF180DD62300E96BF5 /* src */ = {
			isa = PBXGroup;
			children = (
				08C284D0180DD65700E96BF5 /* bytes.c */,
				08C284D1180DD65700E96BF5 /* caesar.c */,
				08C284D2180DD65700E96BF5 /* checksums.c */,
				08C284D3180DD65700E96BF5 /* console.c */,
				08C284D4180DD65700E96BF5 /* crash.c */,
				08C284D5180DD65700E96BF5 /* endianess.c */,
				08C284D6180DD65700E96BF5 /* exceptions.c */,
				08C284D7180DD65700E96BF5 /* exceptions.h */,
				08C284D8180DD65700E96BF5 /* fileio.c */,
				08C284D9180DD65700E96BF5 /* fsm.c */,
				08C284DA180DD65700E96BF5 /* huffman.c */,
				08C284DB180DD65700E96BF5 /* libutility-config.h */,
				08C284DC180DD65700E96BF5 /* mime.c */,
				08C284DD180DD65700E96BF5 /* mime.h */,
				08C284DE180DD65700E96BF5 /* observers.c */,
				08C284DF180DD65700E96BF5 /* strings.c */,
				08C284E0180DD65700E96BF5 /* utility.h */,
			);
			name = src;
			sourceTree = "<group>";
		};
		08C284F3180DD67F00E96BF5 /* Products */ = {
			isa = PBXGroup;
			children = (
				08C284F7180DD67F00E96BF5 /* libcollections.a */,
				D8968F6E19C40E5100A9B8B9 /* libcollections.a */,
			);
			name = Products;
			sourceTree = "<group>";
		};
/* End PBXGroup section */

/* Begin PBXHeadersBuildPhase section */
		08C284C6180DD60300E96BF5 /* Headers */ = {
			isa = PBXHeadersBuildPhase;
			buildActionMask = 2147483647;
			files = (
				08C284E8180DD65700E96BF5 /* exceptions.h in Headers */,
				08C284EC180DD65700E96BF5 /* libutility-config.h in Headers */,
				08C284EE180DD65700E96BF5 /* mime.h in Headers */,
				08C284F1180DD65700E96BF5 /* utility.h in Headers */,
			);
			runOnlyForDeploymentPostprocessing = 0;
		};
		D8968F6319C40E5100A9B8B9 /* Headers */ = {
			isa = PBXHeadersBuildPhase;
			buildActionMask = 2147483647;
			files = (
				D8968F6419C40E5100A9B8B9 /* exceptions.h in Headers */,
				D8968F6519C40E5100A9B8B9 /* libutility-config.h in Headers */,
				D8968F6619C40E5100A9B8B9 /* mime.h in Headers */,
				D8968F6719C40E5100A9B8B9 /* utility.h in Headers */,
			);
			runOnlyForDeploymentPostprocessing = 0;
		};
/* End PBXHeadersBuildPhase section */

/* Begin PBXNativeTarget section */
		08C284C7180DD60300E96BF5 /* libutility-static */ = {
			isa = PBXNativeTarget;
			buildConfigurationList = 08C284CC180DD60300E96BF5 /* Build configuration list for PBXNativeTarget "libutility-static" */;
			buildPhases = (
				08C284C4180DD60300E96BF5 /* Sources */,
				08C284C5180DD60300E96BF5 /* Frameworks */,
				08C284C6180DD60300E96BF5 /* Headers */,
			);
			buildRules = (
			);
			dependencies = (
				08C284F9180DD68D00E96BF5 /* PBXTargetDependency */,
			);
			name = "libutility-static";
			productName = libutility;
			productReference = 08C284C8180DD60300E96BF5 /* libutility.a */;
			productType = "com.apple.product-type.library.static";
		};
		D8968F5119C40E5100A9B8B9 /* libutility-static-ios */ = {
			isa = PBXNativeTarget;
			buildConfigurationList = D8968F6819C40E5100A9B8B9 /* Build configuration list for PBXNativeTarget "libutility-static-ios" */;
			buildPhases = (
				D8968F5419C40E5100A9B8B9 /* Sources */,
				D8968F6219C40E5100A9B8B9 /* Frameworks */,
				D8968F6319C40E5100A9B8B9 /* Headers */,
			);
			buildRules = (
			);
			dependencies = (
				D8968F5219C40E5100A9B8B9 /* PBXTargetDependency */,
			);
			name = "libutility-static-ios";
			productName = libutility;
			productReference = D8968F6B19C40E5100A9B8B9 /* libutility.a */;
			productType = "com.apple.product-type.library.static";
		};
/* End PBXNativeTarget section */

/* Begin PBXProject section */
		08C284C0180DD60200E96BF5 /* Project object */ = {
			isa = PBXProject;
			attributes = {
				LastUpgradeCheck = 0600;
				ORGANIZATIONNAME = "Joe Marrero";
			};
			buildConfigurationList = 08C284C3180DD60200E96BF5 /* Build configuration list for PBXProject "libutility" */;
			compatibilityVersion = "Xcode 3.2";
			developmentRegion = English;
			hasScannedForEncodings = 0;
			knownRegions = (
				en,
			);
			mainGroup = 08C284BF180DD60200E96BF5;
			productRefGroup = 08C284C9180DD60300E96BF5 /* Products */;
			projectDirPath = "";
			projectReferences = (
				{
					ProductGroup = 08C284F3180DD67F00E96BF5 /* Products */;
					ProjectRef = 08C284F2180DD67F00E96BF5 /* libcollections.xcodeproj */;
				},
			);
			projectRoot = "";
			targets = (
				08C284C7180DD60300E96BF5 /* libutility-static */,
				D8968F5119C40E5100A9B8B9 /* libutility-static-ios */,
			);
		};
/* End PBXProject section */

/* Begin PBXReferenceProxy section */
		08C284F7180DD67F00E96BF5 /* libcollections.a */ = {
			isa = PBXReferenceProxy;
			fileType = archive.ar;
			path = libcollections.a;
			remoteRef = 08C284F6180DD67F00E96BF5 /* PBXContainerItemProxy */;
			sourceTree = BUILT_PRODUCTS_DIR;
		};
		D8968F6E19C40E5100A9B8B9 /* libcollections.a */ = {
			isa = PBXReferenceProxy;
			fileType = archive.ar;
			path = libcollections.a;
			remoteRef = D8968F6D19C40E5100A9B8B9 /* PBXContainerItemProxy */;
			sourceTree = BUILT_PRODUCTS_DIR;
		};
/* End PBXReferenceProxy section */

/* Begin PBXSourcesBuildPhase section */
		08C284C4180DD60300E96BF5 /* Sources */ = {
			isa = PBXSourcesBuildPhase;
			buildActionMask = 2147483647;
			files = (
				08C284E6180DD65700E96BF5 /* endianess.c in Sources */,
				08C284F0180DD65700E96BF5 /* strings.c in Sources */,
				08C284E9180DD65700E96BF5 /* fileio.c in Sources */,
				08C284E3180DD65700E96BF5 /* checksums.c in Sources */,
				08C284EF180DD65700E96BF5 /* observers.c in Sources */,
				08C284EA180DD65700E96BF5 /* fsm.c in Sources */,
				08C284ED180DD65700E96BF5 /* mime.c in Sources */,
				08C284E7180DD65700E96BF5 /* exceptions.c in Sources */,
				08C284EB180DD65700E96BF5 /* huffman.c in Sources */,
				08C284E4180DD65700E96BF5 /* console.c in Sources */,
				08C284E5180DD65700E96BF5 /* crash.c in Sources */,
				08C284E2180DD65700E96BF5 /* caesar.c in Sources */,
				08C284E1180DD65700E96BF5 /* bytes.c in Sources */,
			);
			runOnlyForDeploymentPostprocessing = 0;
		};
		D8968F5419C40E5100A9B8B9 /* Sources */ = {
			isa = PBXSourcesBuildPhase;
			buildActionMask = 2147483647;
			files = (
				D8968F5519C40E5100A9B8B9 /* endianess.c in Sources */,
				D8968F5619C40E5100A9B8B9 /* strings.c in Sources */,
				D8968F5719C40E5100A9B8B9 /* fileio.c in Sources */,
				D8968F5819C40E5100A9B8B9 /* checksums.c in Sources */,
				D8968F5919C40E5100A9B8B9 /* observers.c in Sources */,
				D8968F5A19C40E5100A9B8B9 /* fsm.c in Sources */,
				D8968F5B19C40E5100A9B8B9 /* mime.c in Sources */,
				D8968F5C19C40E5100A9B8B9 /* exceptions.c in Sources */,
				D8968F5D19C40E5100A9B8B9 /* huffman.c in Sources */,
				D8968F5E19C40E5100A9B8B9 /* console.c in Sources */,
				D8968F5F19C40E5100A9B8B9 /* crash.c in Sources */,
				D8968F6019C40E5100A9B8B9 /* caesar.c in Sources */,
				D8968F6119C40E5100A9B8B9 /* bytes.c in Sources */,
			);
			runOnlyForDeploymentPostprocessing = 0;
		};
/* End PBXSourcesBuildPhase section */

/* Begin PBXTargetDependency section */
		08C284F9180DD68D00E96BF5 /* PBXTargetDependency */ = {
			isa = PBXTargetDependency;
			name = libcollections;
			targetProxy = 08C284F8180DD68D00E96BF5 /* PBXContainerItemProxy */;
		};
		D8968F5219C40E5100A9B8B9 /* PBXTargetDependency */ = {
			isa = PBXTargetDependency;
			name = libcollections;
			targetProxy = D8968F5319C40E5100A9B8B9 /* PBXContainerItemProxy */;
		};
/* End PBXTargetDependency section */

/* Begin XCBuildConfiguration section */
		08C284CA180DD60300E96BF5 /* Debug */ = {
			isa = XCBuildConfiguration;
			buildSettings = {
				ALWAYS_SEARCH_USER_PATHS = NO;
				CLANG_CXX_LANGUAGE_STANDARD = "gnu++0x";
				CLANG_CXX_LIBRARY = "libc++";
				CLANG_ENABLE_OBJC_ARC = YES;
				CLANG_WARN_BOOL_CONVERSION = YES;
				CLANG_WARN_CONSTANT_CONVERSION = YES;
				CLANG_WARN_DIRECT_OBJC_ISA_USAGE = YES_ERROR;
				CLANG_WARN_EMPTY_BODY = YES;
				CLANG_WARN_ENUM_CONVERSION = YES;
				CLANG_WARN_INT_CONVERSION = YES;
				CLANG_WARN_OBJC_ROOT_CLASS = YES_ERROR;
				CLANG_WARN__DUPLICATE_METHOD_MATCH = YES;
				COPY_PHASE_STRIP = NO;
				GCC_C_LANGUAGE_STANDARD = gnu99;
				GCC_DYNAMIC_NO_PIC = NO;
				GCC_ENABLE_OBJC_EXCEPTIONS = YES;
				GCC_OPTIMIZATION_LEVEL = 0;
				GCC_PREPROCESSOR_DEFINITIONS = (
					"DEBUG=1",
					"$(inherited)",
				);
				GCC_SYMBOLS_PRIVATE_EXTERN = NO;
				GCC_WARN_64_TO_32_BIT_CONVERSION = YES;
				GCC_WARN_ABOUT_RETURN_TYPE = YES_ERROR;
				GCC_WARN_UNDECLARED_SELECTOR = YES;
				GCC_WARN_UNINITIALIZED_AUTOS = YES;
				GCC_WARN_UNUSED_FUNCTION = YES;
				GCC_WARN_UNUSED_VARIABLE = YES;
				ONLY_ACTIVE_ARCH = YES;
				SDKROOT = iphoneos;
				TARGETED_DEVICE_FAMILY = "1,2";
			};
			name = Debug;
		};
		08C284CB180DD60300E96BF5 /* Release */ = {
			isa = XCBuildConfiguration;
			buildSettings = {
				ALWAYS_SEARCH_USER_PATHS = NO;
				CLANG_CXX_LANGUAGE_STANDARD = "gnu++0x";
				CLANG_CXX_LIBRARY = "libc++";
				CLANG_ENABLE_OBJC_ARC = YES;
				CLANG_WARN_BOOL_CONVERSION = YES;
				CLANG_WARN_CONSTANT_CONVERSION = YES;
				CLANG_WARN_DIRECT_OBJC_ISA_USAGE = YES_ERROR;
				CLANG_WARN_EMPTY_BODY = YES;
				CLANG_WARN_ENUM_CONVERSION = YES;
				CLANG_WARN_INT_CONVERSION = YES;
				CLANG_WARN_OBJC_ROOT_CLASS = YES_ERROR;
				CLANG_WARN__DUPLICATE_METHOD_MATCH = YES;
				COPY_PHASE_STRIP = YES;
				ENABLE_NS_ASSERTIONS = NO;
				GCC_C_LANGUAGE_STANDARD = gnu99;
				GCC_ENABLE_OBJC_EXCEPTIONS = YES;
				GCC_WARN_64_TO_32_BIT_CONVERSION = YES;
				GCC_WARN_ABOUT_RETURN_TYPE = YES_ERROR;
				GCC_WARN_UNDECLARED_SELECTOR = YES;
				GCC_WARN_UNINITIALIZED_AUTOS = YES;
				GCC_WARN_UNUSED_FUNCTION = YES;
				GCC_WARN_UNUSED_VARIABLE = YES;
				SDKROOT = iphoneos;
				TARGETED_DEVICE_FAMILY = "1,2";
			};
			name = Release;
		};
		08C284CD180DD60300E96BF5 /* Debug */ = {
			isa = XCBuildConfiguration;
			buildSettings = {
				COMBINE_HIDPI_IMAGES = YES;
				EXECUTABLE_PREFIX = "";
				PRODUCT_NAME = libutility;
				PUBLIC_HEADERS_FOLDER_PATH = "include/$(PRODUCT_NAME)";
				SDKROOT = macosx;
			};
			name = Debug;
		};
		08C284CE180DD60300E96BF5 /* Release */ = {
			isa = XCBuildConfiguration;
			buildSettings = {
				COMBINE_HIDPI_IMAGES = YES;
				EXECUTABLE_PREFIX = "";
				PRODUCT_NAME = libutility;
				PUBLIC_HEADERS_FOLDER_PATH = "include/$(PRODUCT_NAME)";
				SDKROOT = macosx;
			};
			name = Release;
		};
		D8968F6919C40E5100A9B8B9 /* Debug */ = {
			isa = XCBuildConfiguration;
			buildSettings = {
				EXECUTABLE_PREFIX = "";
				PRODUCT_NAME = libutility;
				PUBLIC_HEADERS_FOLDER_PATH = "include/$(PRODUCT_NAME)";
			};
			name = Debug;
		};
		D8968F6A19C40E5100A9B8B9 /* Release */ = {
			isa = XCBuildConfiguration;
			buildSettings = {
				EXECUTABLE_PREFIX = "";
				PRODUCT_NAME = libutility;
				PUBLIC_HEADERS_FOLDER_PATH = "include/$(PRODUCT_NAME)";
			};
			name = Release;
		};
/* End XCBuildConfiguration section */

/* Begin XCConfigurationList section */
		08C284C3180DD60200E96BF5 /* Build configuration list for PBXProject "libutility" */ = {
			isa = XCConfigurationList;
			buildConfigurations = (
				08C284CA180DD60300E96BF5 /* Debug */,
				08C284CB180DD60300E96BF5 /* Release */,
			);
			defaultConfigurationIsVisible = 0;
			defaultConfigurationName = Release;
		};
		08C284CC180DD60300E96BF5 /* Build configuration list for PBXNativeTarget "libutility-static" */ = {
			isa = XCConfigurationList;
			buildConfigurations = (
				08C284CD180DD60300E96BF5 /* Debug */,
				08C284CE180DD60300E96BF5 /* Release */,
			);
			defaultConfigurationIsVisible = 0;
			defaultConfigurationName = Release;
		};
		D8968F6819C40E5100A9B8B9 /* Build configuration list for PBXNativeTarget "libutility-static-ios" */ = {
			isa = XCConfigurationList;
			buildConfigurations = (
				D8968F6919C40E5100A9B8B9 /* Debug */,
				D8968F6A19C40E5100A9B8B9 /* Release */,
			);
			defaultConfigurationIsVisible = 0;
			defaultConfigurationName = Release;
		};
/* End XCConfigurationList section */
	};
	rootObject = 08C284C0180DD60200E96BF5 /* Project object */;
}
